
Microsoft Visual Studio Solution File, Format Version 12.00
# Visual Studio Version 18
VisualStudioVersion = 18.6.11822.322 stable
MinimumVisualStudioVersion = 10.0.40219.1
Project("{FAE04EC0-301F-11D3-BF4B-00C04F79EFBC}") = "apiAsistenciaColegio", "apiAsistenciaColegio\apiAsistenciaColegio.csproj", "{451443F9-F56C-47FA-86D3-5A368C2523BC}"
EndProject
Project("{C9674DCB-5085-4A16-B785-4C70DD1589BD}") = "ProyectoColegio", "ProyectoColegio\ProyectoColegio.dtproj", "{1E585FE4-ED8B-A8E9-0015-CE6FAA939BA0}"
EndProject
Global
	GlobalSection(SolutionConfigurationPlatforms) = preSolution
		Debug|Any CPU = Debug|Any CPU
		Development|Any CPU = Development|Any CPU
		Release|Any CPU = Release|Any CPU
	EndGlobalSection
	GlobalSection(ProjectConfigurationPlatforms) = postSolution
		{451443F9-F56C-47FA-86D3-5A368C2523BC}.Debug|Any CPU.ActiveCfg = Debug|Any CPU
		{451443F9-F56C-47FA-86D3-5A368C2523BC}.Debug|Any CPU.Build.0 = Debug|Any CPU
		{451443F9-F56C-47FA-86D3-5A368C2523BC}.Development|Any CPU.ActiveCfg = Release|Any CPU
		{451443F9-F56C-47FA-86D3-5A368C2523BC}.Development|Any CPU.Build.0 = Release|Any CPU
		{451443F9-F56C-47FA-86D3-5A368C2523BC}.Release|Any CPU.ActiveCfg = Release|Any CPU
		{451443F9-F56C-47FA-86D3-5A368C2523BC}.Release|Any CPU.Build.0 = Release|Any CPU
		{1E585FE4-ED8B-A8E9-0015-CE6FAA939BA0}.Debug|Any CPU.ActiveCfg = Development
		{1E585FE4-ED8B-A8E9-0015-CE6FAA939BA0}.Debug|Any CPU.Build.0 = Development
		{1E585FE4-ED8B-A8E9-0015-CE6FAA939BA0}.Development|Any CPU.ActiveCfg = Development
		{1E585FE4-ED8B-A8E9-0015-CE6FAA939BA0}.Development|Any CPU.Build.0 = Development
		{1E585FE4-ED8B-A8E9-0015-CE6FAA939BA0}.Release|Any CPU.ActiveCfg = Development
		{1E585FE4-ED8B-A8E9-0015-CE6FAA939BA0}.Release|Any CPU.Build.0 = Development
	EndGlobalSection
	GlobalSection(SolutionProperties) = preSolution
		HideSolutionNode = FALSE
	EndGlobalSection
	GlobalSection(ExtensibilityGlobals) = postSolution
		SolutionGuid = {FF8B9798-A324-45F0-9C21-DFA25E3DC375}
	EndGlobalSection
EndGlobal
